// !$*UTF8*$!
{
	archiveVersion = 1;
	classes = {
	};
	objectVersion = 50;
	objects = {

/* Begin PBXBuildFile section */
		D62559DA253EA49500ED33B6 /* AppDelegate.swift in Sources */ = {isa = PBXBuildFile; fileRef = D62559D9253EA49500ED33B6 /* AppDelegate.swift */; };
		D62559DC253EA49500ED33B6 /* SceneDelegate.swift in Sources */ = {isa = PBXBuildFile; fileRef = D62559DB253EA49500ED33B6 /* SceneDelegate.swift */; };
		D62559DE253EA49500ED33B6 /* ContentView.swift in Sources */ = {isa = PBXBuildFile; fileRef = D62559DD253EA49500ED33B6 /* ContentView.swift */; };
		D62559E1253EA49500ED33B6 /* ToDoApp.xcdatamodeld in Sources */ = {isa = PBXBuildFile; fileRef = D62559DF253EA49500ED33B6 /* ToDoApp.xcdatamodeld */; };
		D62559E3253EA49700ED33B6 /* Assets.xcassets in Resources */ = {isa = PBXBuildFile; fileRef = D62559E2253EA49700ED33B6 /* Assets.xcassets */; };
		D62559E6253EA49700ED33B6 /* Preview Assets.xcassets in Resources */ = {isa = PBXBuildFile; fileRef = D62559E5253EA49700ED33B6 /* Preview Assets.xcassets */; };
		D62559E9253EA49700ED33B6 /* LaunchScreen.storyboard in Resources */ = {isa = PBXBuildFile; fileRef = D62559E7253EA49700ED33B6 /* LaunchScreen.storyboard */; };
		D62559F4253EA49700ED33B6 /* ToDoAppTests.swift in Sources */ = {isa = PBXBuildFile; fileRef = D62559F3253EA49700ED33B6 /* ToDoAppTests.swift */; };
		D62559FF253EA49700ED33B6 /* ToDoAppUITests.swift in Sources */ = {isa = PBXBuildFile; fileRef = D62559FE253EA49700ED33B6 /* ToDoAppUITests.swift */; };
		D6255A11253EA50800ED33B6 /* Home.swift in Sources */ = {isa = PBXBuildFile; fileRef = D6255A10253EA50800ED33B6 /* Home.swift */; };
		D6255A1A253EA69000ED33B6 /* DateType.swift in Sources */ = {isa = PBXBuildFile; fileRef = D6255A19253EA69000ED33B6 /* DateType.swift */; };
		D6255A22253EA6EC00ED33B6 /* HomeCalenderView.swift in Sources */ = {isa = PBXBuildFile; fileRef = D6255A21253EA6EC00ED33B6 /* HomeCalenderView.swift */; };
		D6255A27253EAE1C00ED33B6 /* CalendarView.swift in Sources */ = {isa = PBXBuildFile; fileRef = D6255A26253EAE1C00ED33B6 /* CalendarView.swift */; };
		D6255A2C253EAEB900ED33B6 /* AddTaskPage.swift in Sources */ = {isa = PBXBuildFile; fileRef = D6255A2B253EAEB900ED33B6 /* AddTaskPage.swift */; };
/* End PBXBuildFile section */

/* Begin PBXContainerItemProxy section */
		D62559F0253EA49700ED33B6 /* PBXContainerItemProxy */ = {
			isa = PBXContainerItemProxy;
			containerPortal = D62559CE253EA49500ED33B6 /* Project object */;
			proxyType = 1;
			remoteGlobalIDString = D62559D5253EA49500ED33B6;
			remoteInfo = ToDoApp;
		};
		D62559FB253EA49700ED33B6 /* PBXContainerItemProxy */ = {
			isa = PBXContainerItemProxy;
			containerPortal = D62559CE253EA49500ED33B6 /* Project object */;
			proxyType = 1;
			remoteGlobalIDString = D62559D5253EA49500ED33B6;
			remoteInfo = ToDoApp;
		};
/* End PBXContainerItemProxy section */

/* Begin PBXFileReference section */
		D62559D6253EA49500ED33B6 /* ToDoApp.app */ = {isa = PBXFileReference; explicitFileType = wrapper.application; includeInIndex = 0; path = ToDoApp.app; sourceTree = BUILT_PRODUCTS_DIR; };
		D62559D9253EA49500ED33B6 /* AppDelegate.swift */ = {isa = PBXFileReference; lastKnownFileType = sourcecode.swift; path = AppDelegate.swift; sourceTree = "<group>"; };
		D62559DB253EA49500ED33B6 /* SceneDelegate.swift */ = {isa = PBXFileReference; lastKnownFileType = sourcecode.swift; path = SceneDelegate.swift; sourceTree = "<group>"; };
		D62559DD253EA49500ED33B6 /* ContentView.swift */ = {isa = PBXFileReference; lastKnownFileType = sourcecode.swift; path = ContentView.swift; sourceTree = "<group>"; };
		D62559E0253EA49500ED33B6 /* ToDoApp.xcdatamodel */ = {isa = PBXFileReference; lastKnownFileType = wrapper.xcdatamodel; path = ToDoApp.xcdatamodel; sourceTree = "<group>"; };
		D62559E2253EA49700ED33B6 /* Assets.xcassets */ = {isa = PBXFileReference; lastKnownFileType = folder.assetcatalog; path = Assets.xcassets; sourceTree = "<group>"; };
		D62559E5253EA49700ED33B6 /* Preview Assets.xcassets */ = {isa = PBXFileReference; lastKnownFileType = folder.assetcatalog; path = "Preview Assets.xcassets"; sourceTree = "<group>"; };
		D62559E8253EA49700ED33B6 /* Base */ = {isa = PBXFileReference; lastKnownFileType = file.storyboard; name = Base; path = Base.lproj/LaunchScreen.storyboard; sourceTree = "<group>"; };
		D62559EA253EA49700ED33B6 /* Info.plist */ = {isa = PBXFileReference; lastKnownFileType = text.plist.xml; path = Info.plist; sourceTree = "<group>"; };
		D62559EF253EA49700ED33B6 /* ToDoAppTests.xctest */ = {isa = PBXFileReference; explicitFileType = wrapper.cfbundle; includeInIndex = 0; path = ToDoAppTests.xctest; sourceTree = BUILT_PRODUCTS_DIR; };
		D62559F3253EA49700ED33B6 /* ToDoAppTests.swift */ = {isa = PBXFileReference; lastKnownFileType = sourcecode.swift; path = ToDoAppTests.swift; sourceTree = "<group>"; };
		D62559F5253EA49700ED33B6 /* Info.plist */ = {isa = PBXFileReference; lastKnownFileType = text.plist.xml; path = Info.plist; sourceTree = "<group>"; };
		D62559FA253EA49700ED33B6 /* ToDoAppUITests.xctest */ = {isa = PBXFileReference; explicitFileType = wrapper.cfbundle; includeInIndex = 0; path = ToDoAppUITests.xctest; sourceTree = BUILT_PRODUCTS_DIR; };
		D62559FE253EA49700ED33B6 /* ToDoAppUITests.swift */ = {isa = PBXFileReference; lastKnownFileType = sourcecode.swift; path = ToDoAppUITests.swift; sourceTree = "<group>"; };
		D6255A00253EA49700ED33B6 /* Info.plist */ = {isa = PBXFileReference; lastKnownFileType = text.plist.xml; path = Info.plist; sourceTree = "<group>"; };
		D6255A10253EA50800ED33B6 /* Home.swift */ = {isa = PBXFileReference; lastKnownFileType = sourcecode.swift; path = Home.swift; sourceTree = "<group>"; };
		D6255A19253EA69000ED33B6 /* DateType.swift */ = {isa = PBXFileReference; lastKnownFileType = sourcecode.swift; path = DateType.swift; sourceTree = "<group>"; };
		D6255A21253EA6EC00ED33B6 /* HomeCalenderView.swift */ = {isa = PBXFileReference; lastKnownFileType = sourcecode.swift; path = HomeCalenderView.swift; sourceTree = "<group>"; };
		D6255A26253EAE1C00ED33B6 /* CalendarView.swift */ = {isa = PBXFileReference; lastKnownFileType = sourcecode.swift; path = CalendarView.swift; sourceTree = "<group>"; };
		D6255A2B253EAEB900ED33B6 /* AddTaskPage.swift */ = {isa = PBXFileReference; lastKnownFileType = sourcecode.swift; path = AddTaskPage.swift; sourceTree = "<group>"; };
/* End PBXFileReference section */

/* Begin PBXFrameworksBuildPhase section */
		D62559D3253EA49500ED33B6 /* Frameworks */ = {
			isa = PBXFrameworksBuildPhase;
			buildActionMask = 2147483647;
			files = (
			);
			runOnlyForDeploymentPostprocessing = 0;
		};
		D62559EC253EA49700ED33B6 /* Frameworks */ = {
			isa = PBXFrameworksBuildPhase;
			buildActionMask = 2147483647;
			files = (
			);
			runOnlyForDeploymentPostprocessing = 0;
		};
		D62559F7253EA49700ED33B6 /* Frameworks */ = {
			isa = PBXFrameworksBuildPhase;
			buildActionMask = 2147483647;
			files = (
			);
			runOnlyForDeploymentPostprocessing = 0;
		};
/* End PBXFrameworksBuildPhase section */

/* Begin PBXGroup section */
		D62559CD253EA49500ED33B6 = {
			isa = PBXGroup;
			children = (
				D62559D8253EA49500ED33B6 /* ToDoApp */,
				D62559F2253EA49700ED33B6 /* ToDoAppTests */,
				D62559FD253EA49700ED33B6 /* ToDoAppUITests */,
				D62559D7253EA49500ED33B6 /* Products */,
			);
			sourceTree = "<group>";
		};
		D62559D7253EA49500ED33B6 /* Products */ = {
			isa = PBXGroup;
			children = (
				D62559D6253EA49500ED33B6 /* ToDoApp.app */,
				D62559EF253EA49700ED33B6 /* ToDoAppTests.xctest */,
				D62559FA253EA49700ED33B6 /* ToDoAppUITests.xctest */,
			);
			name = Products;
			sourceTree = "<group>";
		};
		D62559D8253EA49500ED33B6 /* ToDoApp */ = {
			isa = PBXGroup;
			children = (
				D6255A18253EA68600ED33B6 /* Model */,
				D6255A0F253EA4F200ED33B6 /* View */,
				D62559D9253EA49500ED33B6 /* AppDelegate.swift */,
				D62559DB253EA49500ED33B6 /* SceneDelegate.swift */,
				D62559DD253EA49500ED33B6 /* ContentView.swift */,
				D62559E2253EA49700ED33B6 /* Assets.xcassets */,
				D62559E7253EA49700ED33B6 /* LaunchScreen.storyboard */,
				D62559EA253EA49700ED33B6 /* Info.plist */,
				D62559DF253EA49500ED33B6 /* ToDoApp.xcdatamodeld */,
				D62559E4253EA49700ED33B6 /* Preview Content */,
			);
			path = ToDoApp;
			sourceTree = "<group>";
		};
		D62559E4253EA49700ED33B6 /* Preview Content */ = {
			isa = PBXGroup;
			children = (
				D62559E5253EA49700ED33B6 /* Preview Assets.xcassets */,
			);
			path = "Preview Content";
			sourceTree = "<group>";
		};
		D62559F2253EA49700ED33B6 /* ToDoAppTests */ = {
			isa = PBXGroup;
			children = (
				D62559F3253EA49700ED33B6 /* ToDoAppTests.swift */,
				D62559F5253EA49700ED33B6 /* Info.plist */,
			);
			path = ToDoAppTests;
			sourceTree = "<group>";
		};
		D62559FD253EA49700ED33B6 /* ToDoAppUITests */ = {
			isa = PBXGroup;
			children = (
				D62559FE253EA49700ED33B6 /* ToDoAppUITests.swift */,
				D6255A00253EA49700ED33B6 /* Info.plist */,
			);
			path = ToDoAppUITests;
			sourceTree = "<group>";
		};
		D6255A0F253EA4F200ED33B6 /* View */ = {
			isa = PBXGroup;
			children = (
				D6255A10253EA50800ED33B6 /* Home.swift */,
				D6255A21253EA6EC00ED33B6 /* HomeCalenderView.swift */,
				D6255A2B253EAEB900ED33B6 /* AddTaskPage.swift */,
				D6255A26253EAE1C00ED33B6 /* CalendarView.swift */,
			);
			path = View;
			sourceTree = "<group>";
		};
		D6255A18253EA68600ED33B6 /* Model */ = {
			isa = PBXGroup;
			children = (
				D6255A19253EA69000ED33B6 /* DateType.swift */,
			);
			path = Model;
			sourceTree = "<group>";
		};
/* End PBXGroup section */

/* Begin PBXNativeTarget section */
		D62559D5253EA49500ED33B6 /* ToDoApp */ = {
			isa = PBXNativeTarget;
			buildConfigurationList = D6255A03253EA49700ED33B6 /* Build configuration list for PBXNativeTarget "ToDoApp" */;
			buildPhases = (
				D62559D2253EA49500ED33B6 /* Sources */,
				D62559D3253EA49500ED33B6 /* Frameworks */,
				D62559D4253EA49500ED33B6 /* Resources */,
			);
			buildRules = (
			);
			dependencies = (
			);
			name = ToDoApp;
			productName = ToDoApp;
			productReference = D62559D6253EA49500ED33B6 /* ToDoApp.app */;
			productType = "com.apple.product-type.application";
		};
		D62559EE253EA49700ED33B6 /* ToDoAppTests */ = {
			isa = PBXNativeTarget;
			buildConfigurationList = D6255A06253EA49700ED33B6 /* Build configuration list for PBXNativeTarget "ToDoAppTests" */;
			buildPhases = (
				D62559EB253EA49700ED33B6 /* Sources */,
				D62559EC253EA49700ED33B6 /* Frameworks */,
				D62559ED253EA49700ED33B6 /* Resources */,
			);
			buildRules = (
			);
			dependencies = (
				D62559F1253EA49700ED33B6 /* PBXTargetDependency */,
			);
			name = ToDoAppTests;
			productName = ToDoAppTests;
			productReference = D62559EF253EA49700ED33B6 /* ToDoAppTests.xctest */;
			productType = "com.apple.product-type.bundle.unit-test";
		};
		D62559F9253EA49700ED33B6 /* ToDoAppUITests */ = {
			isa = PBXNativeTarget;
			buildConfigurationList = D6255A09253EA49700ED33B6 /* Build configuration list for PBXNativeTarget "ToDoAppUITests" */;
			buildPhases = (
				D62559F6253EA49700ED33B6 /* Sources */,
				D62559F7253EA49700ED33B6 /* Frameworks */,
				D62559F8253EA49700ED33B6 /* Resources */,
			);
			buildRules = (
			);
			dependencies = (
				D62559FC253EA49700ED33B6 /* PBXTargetDependency */,
			);
			name = ToDoAppUITests;
			productName = ToDoAppUITests;
			productReference = D62559FA253EA49700ED33B6 /* ToDoAppUITests.xctest */;
			productType = "com.apple.product-type.bundle.ui-testing";
		};
/* End PBXNativeTarget section */

/* Begin PBXProject section */
		D62559CE253EA49500ED33B6 /* Project object */ = {
			isa = PBXProject;
			attributes = {
				LastSwiftUpdateCheck = 1200;
				LastUpgradeCheck = 1200;
				TargetAttributes = {
					D62559D5253EA49500ED33B6 = {
						CreatedOnToolsVersion = 12.0;
					};
					D62559EE253EA49700ED33B6 = {
						CreatedOnToolsVersion = 12.0;
						TestTargetID = D62559D5253EA49500ED33B6;
					};
					D62559F9253EA49700ED33B6 = {
						CreatedOnToolsVersion = 12.0;
						TestTargetID = D62559D5253EA49500ED33B6;
					};
				};
			};
			buildConfigurationList = D62559D1253EA49500ED33B6 /* Build configuration list for PBXProject "ToDoApp" */;
			compatibilityVersion = "Xcode 9.3";
			developmentRegion = en;
			hasScannedForEncodings = 0;
			knownRegions = (
				en,
				Base,
			);
			mainGroup = D62559CD253EA49500ED33B6;
			productRefGroup = D62559D7253EA49500ED33B6 /* Products */;
			projectDirPath = "";
			projectRoot = "";
			targets = (
				D62559D5253EA49500ED33B6 /* ToDoApp */,
				D62559EE253EA49700ED33B6 /* ToDoAppTests */,
				D62559F9253EA49700ED33B6 /* ToDoAppUITests */,
			);
		};
/* End PBXProject section */

/* Begin PBXResourcesBuildPhase section */
		D62559D4253EA49500ED33B6 /* Resources */ = {
			isa = PBXResourcesBuildPhase;
			buildActionMask = 2147483647;
			files = (
				D62559E9253EA49700ED33B6 /* LaunchScreen.storyboard in Resources */,
				D62559E6253EA49700ED33B6 /* Preview Assets.xcassets in Resources */,
				D62559E3253EA49700ED33B6 /* Assets.xcassets in Resources */,
			);
			runOnlyForDeploymentPostprocessing = 0;
		};
		D62559ED253EA49700ED33B6 /* Resources */ = {
			isa = PBXResourcesBuildPhase;
			buildActionMask = 2147483647;
			files = (
			);
			runOnlyForDeploymentPostprocessing = 0;
		};
		D62559F8253EA49700ED33B6 /* Resources */ = {
			isa = PBXResourcesBuildPhase;
			buildActionMask = 2147483647;
			files = (
			);
			runOnlyForDeploymentPostprocessing = 0;
		};
/* End PBXResourcesBuildPhase section */

/* Begin PBXSourcesBuildPhase section */
		D62559D2253EA49500ED33B6 /* Sources */ = {
			isa = PBXSourcesBuildPhase;
			buildActionMask = 2147483647;
			files = (
				D62559DA253EA49500ED33B6 /* AppDelegate.swift in Sources */,
				D6255A1A253EA69000ED33B6 /* DateType.swift in Sources */,
				D62559DC253EA49500ED33B6 /* SceneDelegate.swift in Sources */,
				D6255A11253EA50800ED33B6 /* Home.swift in Sources */,
				D6255A2C253EAEB900ED33B6 /* AddTaskPage.swift in Sources */,
				D6255A22253EA6EC00ED33B6 /* HomeCalenderView.swift in Sources */,
				D62559DE253EA49500ED33B6 /* ContentView.swift in Sources */,
				D6255A27253EAE1C00ED33B6 /* CalendarView.swift in Sources */,
				D62559E1253EA49500ED33B6 /* ToDoApp.xcdatamodeld in Sources */,
			);
			runOnlyForDeploymentPostprocessing = 0;
		};
		D62559EB253EA49700ED33B6 /* Sources */ = {
			isa = PBXSourcesBuildPhase;
			buildActionMask = 2147483647;
			files = (
				D62559F4253EA49700ED33B6 /* ToDoAppTests.swift in Sources */,
			);
			runOnlyForDeploymentPostprocessing = 0;
		};
		D62559F6253EA49700ED33B6 /* Sources */ = {
			isa = PBXSourcesBuildPhase;
			buildActionMask = 2147483647;
			files = (
				D62559FF253EA49700ED33B6 /* ToDoAppUITests.swift in Sources */,
			);
			runOnlyForDeploymentPostprocessing = 0;
		};
/* End PBXSourcesBuildPhase section */

/* Begin PBXTargetDependency section */
		D62559F1253EA49700ED33B6 /* PBXTargetDependency */ = {
			isa = PBXTargetDependency;
			target = D62559D5253EA49500ED33B6 /* ToDoApp */;
			targetProxy = D62559F0253EA49700ED33B6 /* PBXContainerItemProxy */;
		};
		D62559FC253EA49700ED33B6 /* PBXTargetDependency */ = {
			isa = PBXTargetDependency;
			target = D62559D5253EA49500ED33B6 /* ToDoApp */;
			targetProxy = D62559FB253EA49700ED33B6 /* PBXContainerItemProxy */;
		};
/* End PBXTargetDependency section */

/* Begin PBXVariantGroup section */
		D62559E7253EA49700ED33B6 /* LaunchScreen.storyboard */ = {
			isa = PBXVariantGroup;
			children = (
				D62559E8253EA49700ED33B6 /* Base */,
			);
			name = LaunchScreen.storyboard;
			sourceTree = "<group>";
		};
/* End PBXVariantGroup section */

/* Begin XCBuildConfiguration section */
		D6255A01253EA49700ED33B6 /* Debug */ = {
			isa = XCBuildConfiguration;
			buildSettings = {
				ALWAYS_SEARCH_USER_PATHS = NO;
				CLANG_ANALYZER_NONNULL = YES;
				CLANG_ANALYZER_NUMBER_OBJECT_CONVERSION = YES_AGGRESSIVE;
				CLANG_CXX_LANGUAGE_STANDARD = "gnu++14";
				CLANG_CXX_LIBRARY = "libc++";
				CLANG_ENABLE_MODULES = YES;
				CLANG_ENABLE_OBJC_ARC = YES;
				CLANG_ENABLE_OBJC_WEAK = YES;
				CLANG_WARN_BLOCK_CAPTURE_AUTORELEASING = YES;
				CLANG_WARN_BOOL_CONVERSION = YES;
				CLANG_WARN_COMMA = YES;
				CLANG_WARN_CONSTANT_CONVERSION = YES;
				CLANG_WARN_DEPRECATED_OBJC_IMPLEMENTATIONS = YES;
				CLANG_WARN_DIRECT_OBJC_ISA_USAGE = YES_ERROR;
				CLANG_WARN_DOCUMENTATION_COMMENTS = YES;
				CLANG_WARN_EMPTY_BODY = YES;
				CLANG_WARN_ENUM_CONVERSION = YES;
				CLANG_WARN_INFINITE_RECURSION = YES;
				CLANG_WARN_INT_CONVERSION = YES;
				CLANG_WARN_NON_LITERAL_NULL_CONVERSION = YES;
				CLANG_WARN_OBJC_IMPLICIT_RETAIN_SELF = YES;
				CLANG_WARN_OBJC_LITERAL_CONVERSION = YES;
				CLANG_WARN_OBJC_ROOT_CLASS = YES_ERROR;
				CLANG_WARN_QUOTED_INCLUDE_IN_FRAMEWORK_HEADER = YES;
				CLANG_WARN_RANGE_LOOP_ANALYSIS = YES;
				CLANG_WARN_STRICT_PROTOTYPES = YES;
				CLANG_WARN_SUSPICIOUS_MOVE = YES;
				CLANG_WARN_UNGUARDED_AVAILABILITY = YES_AGGRESSIVE;
				CLANG_WARN_UNREACHABLE_CODE = YES;
				CLANG_WARN__DUPLICATE_METHOD_MATCH = YES;
				COPY_PHASE_STRIP = NO;
				DEBUG_INFORMATION_FORMAT = dwarf;
				ENABLE_STRICT_OBJC_MSGSEND = YES;
				ENABLE_TESTABILITY = YES;
				GCC_C_LANGUAGE_STANDARD = gnu11;
				GCC_DYNAMIC_NO_PIC = NO;
				GCC_NO_COMMON_BLOCKS = YES;
				GCC_OPTIMIZATION_LEVEL = 0;
				GCC_PREPROCESSOR_DEFINITIONS = (
					"DEBUG=1",
					"$(inherited)",
				);
				GCC_WARN_64_TO_32_BIT_CONVERSION = YES;
				GCC_WARN_ABOUT_RETURN_TYPE = YES_ERROR;
				GCC_WARN_UNDECLARED_SELECTOR = YES;
				GCC_WARN_UNINITIALIZED_AUTOS = YES_AGGRESSIVE;
				GCC_WARN_UNUSED_FUNCTION = YES;
				GCC_WARN_UNUSED_VARIABLE = YES;
				IPHONEOS_DEPLOYMENT_TARGET = 14.0;
				MTL_ENABLE_DEBUG_INFO = INCLUDE_SOURCE;
				MTL_FAST_MATH = YES;
				ONLY_ACTIVE_ARCH = YES;
				SDKROOT = iphoneos;
				SWIFT_ACTIVE_COMPILATION_CONDITIONS = DEBUG;
				SWIFT_OPTIMIZATION_LEVEL = "-Onone";
			};
			name = Debug;
		};
		D6255A02253EA49700ED33B6 /* Release */ = {
			isa = XCBuildConfiguration;
			buildSettings = {
				ALWAYS_SEARCH_USER_PATHS = NO;
				CLANG_ANALYZER_NONNULL = YES;
				CLANG_ANALYZER_NUMBER_OBJECT_CONVERSION = YES_AGGRESSIVE;
				CLANG_CXX_LANGUAGE_STANDARD = "gnu++14";
				CLANG_CXX_LIBRARY = "libc++";
				CLANG_ENABLE_MODULES = YES;
				CLANG_ENABLE_OBJC_ARC = YES;
				CLANG_ENABLE_OBJC_WEAK = YES;
				CLANG_WARN_BLOCK_CAPTURE_AUTORELEASING = YES;
				CLANG_WARN_BOOL_CONVERSION = YES;
				CLANG_WARN_COMMA = YES;
				CLANG_WARN_CONSTANT_CONVERSION = YES;
				CLANG_WARN_DEPRECATED_OBJC_IMPLEMENTATIONS = YES;
				CLANG_WARN_DIRECT_OBJC_ISA_USAGE = YES_ERROR;
				CLANG_WARN_DOCUMENTATION_COMMENTS = YES;
				CLANG_WARN_EMPTY_BODY = YES;
				CLANG_WARN_ENUM_CONVERSION = YES;
				CLANG_WARN_INFINITE_RECURSION = YES;
				CLANG_WARN_INT_CONVERSION = YES;
				CLANG_WARN_NON_LITERAL_NULL_CONVERSION = YES;
				CLANG_WARN_OBJC_IMPLICIT_RETAIN_SELF = YES;
				CLANG_WARN_OBJC_LITERAL_CONVERSION = YES;
				CLANG_WARN_OBJC_ROOT_CLASS = YES_ERROR;
				CLANG_WARN_QUOTED_INCLUDE_IN_FRAMEWORK_HEADER = YES;
				CLANG_WARN_RANGE_LOOP_ANALYSIS = YES;
				CLANG_WARN_STRICT_PROTOTYPES = YES;
				CLANG_WARN_SUSPICIOUS_MOVE = YES;
				CLANG_WARN_UNGUARDED_AVAILABILITY = YES_AGGRESSIVE;
				CLANG_WARN_UNREACHABLE_CODE = YES;
				CLANG_WARN__DUPLICATE_METHOD_MATCH = YES;
				COPY_PHASE_STRIP = NO;
				DEBUG_INFORMATION_FORMAT = "dwarf-with-dsym";
				ENABLE_NS_ASSERTIONS = NO;
				ENABLE_STRICT_OBJC_MSGSEND = YES;
				GCC_C_LANGUAGE_STANDARD = gnu11;
				GCC_NO_COMMON_BLOCKS = YES;
				GCC_WARN_64_TO_32_BIT_CONVERSION = YES;
				GCC_WARN_ABOUT_RETURN_TYPE = YES_ERROR;
				GCC_WARN_UNDECLARED_SELECTOR = YES;
				GCC_WARN_UNINITIALIZED_AUTOS = YES_AGGRESSIVE;
				GCC_WARN_UNUSED_FUNCTION = YES;
				GCC_WARN_UNUSED_VARIABLE = YES;
				IPHONEOS_DEPLOYMENT_TARGET = 14.0;
				MTL_ENABLE_DEBUG_INFO = NO;
				MTL_FAST_MATH = YES;
				SDKROOT = iphoneos;
				SWIFT_COMPILATION_MODE = wholemodule;
				SWIFT_OPTIMIZATION_LEVEL = "-O";
				VALIDATE_PRODUCT = YES;
			};
			name = Release;
		};
		D6255A04253EA49700ED33B6 /* Debug */ = {
			isa = XCBuildConfiguration;
			buildSettings = {
				ASSETCATALOG_COMPILER_APPICON_NAME = AppIcon;
				ASSETCATALOG_COMPILER_GLOBAL_ACCENT_COLOR_NAME = AccentColor;
				CODE_SIGN_STYLE = Automatic;
				DEVELOPMENT_ASSET_PATHS = "\"ToDoApp/Preview Content\"";
				ENABLE_PREVIEWS = YES;
				INFOPLIST_FILE = ToDoApp/Info.plist;
				LD_RUNPATH_SEARCH_PATHS = (
					"$(inherited)",
					"@executable_path/Frameworks",
				);
				PRODUCT_BUNDLE_IDENTIFIER = com.RubicoIT.ToDoApp;
				PRODUCT_NAME = "$(TARGET_NAME)";
				SWIFT_VERSION = 5.0;
				TARGETED_DEVICE_FAMILY = "1,2";
			};
			name = Debug;
		};
		D6255A05253EA49700ED33B6 /* Release */ = {
			isa = XCBuildConfiguration;
			buildSettings = {
				ASSETCATALOG_COMPILER_APPICON_NAME = AppIcon;
				ASSETCATALOG_COMPILER_GLOBAL_ACCENT_COLOR_NAME = AccentColor;
				CODE_SIGN_STYLE = Automatic;
				DEVELOPMENT_ASSET_PATHS = "\"ToDoApp/Preview Content\"";
				ENABLE_PREVIEWS = YES;
				INFOPLIST_FILE = ToDoApp/Info.plist;
				LD_RUNPATH_SEARCH_PATHS = (
					"$(inherited)",
					"@executable_path/Frameworks",
				);
				PRODUCT_BUNDLE_IDENTIFIER = com.RubicoIT.ToDoApp;
				PRODUCT_NAME = "$(TARGET_NAME)";
				SWIFT_VERSION = 5.0;
				TARGETED_DEVICE_FAMILY = "1,2";
			};
			name = Release;
		};
		D6255A07253EA49700ED33B6 /* Debug */ = {
			isa = XCBuildConfiguration;
			buildSettings = {
				ALWAYS_EMBED_SWIFT_STANDARD_LIBRARIES = YES;
				BUNDLE_LOADER = "$(TEST_HOST)";
				CODE_SIGN_STYLE = Automatic;
				INFOPLIST_FILE = ToDoAppTests/Info.plist;
				IPHONEOS_DEPLOYMENT_TARGET = 14.0;
				LD_RUNPATH_SEARCH_PATHS = (
					"$(inherited)",
					"@executable_path/Frameworks",
					"@loader_path/Frameworks",
				);
				PRODUCT_BUNDLE_IDENTIFIER = com.RubicoIT.ToDoAppTests;
				PRODUCT_NAME = "$(TARGET_NAME)";
				SWIFT_VERSION = 5.0;
				TARGETED_DEVICE_FAMILY = "1,2";
				TEST_HOST = "$(BUILT_PRODUCTS_DIR)/ToDoApp.app/ToDoApp";
			};
			name = Debug;
		};
		D6255A08253EA49700ED33B6 /* Release */ = {
			isa = XCBuildConfiguration;
			buildSettings = {
				ALWAYS_EMBED_SWIFT_STANDARD_LIBRARIES = YES;
				BUNDLE_LOADER = "$(TEST_HOST)";
				CODE_SIGN_STYLE = Automatic;
				INFOPLIST_FILE = ToDoAppTests/Info.plist;
				IPHONEOS_DEPLOYMENT_TARGET = 14.0;
				LD_RUNPATH_SEARCH_PATHS = (
					"$(inherited)",
					"@executable_path/Frameworks",
					"@loader_path/Frameworks",
				);
				PRODUCT_BUNDLE_IDENTIFIER = com.RubicoIT.ToDoAppTests;
				PRODUCT_NAME = "$(TARGET_NAME)";
				SWIFT_VERSION = 5.0;
				TARGETED_DEVICE_FAMILY = "1,2";
				TEST_HOST = "$(BUILT_PRODUCTS_DIR)/ToDoApp.app/ToDoApp";
			};
			name = Release;
		};
		D6255A0A253EA49700ED33B6 /* Debug */ = {
			isa = XCBuildConfiguration;
			buildSettings = {
				ALWAYS_EMBED_SWIFT_STANDARD_LIBRARIES = YES;
				CODE_SIGN_STYLE = Automatic;
				INFOPLIST_FILE = ToDoAppUITests/Info.plist;
				LD_RUNPATH_SEARCH_PATHS = (
					"$(inherited)",
					"@executable_path/Frameworks",
					"@loader_path/Frameworks",
				);
				PRODUCT_BUNDLE_IDENTIFIER = com.RubicoIT.ToDoAppUITests;
				PRODUCT_NAME = "$(TARGET_NAME)";
				SWIFT_VERSION = 5.0;
				TARGETED_DEVICE_FAMILY = "1,2";
				TEST_TARGET_NAME = ToDoApp;
			};
			name = Debug;
		};
		D6255A0B253EA49700ED33B6 /* Release */ = {
			isa = XCBuildConfiguration;
			buildSettings = {
				ALWAYS_EMBED_SWIFT_STANDARD_LIBRARIES = YES;
				CODE_SIGN_STYLE = Automatic;
				INFOPLIST_FILE = ToDoAppUITests/Info.plist;
				LD_RUNPATH_SEARCH_PATHS = (
					"$(inherited)",
					"@executable_path/Frameworks",
					"@loader_path/Frameworks",
				);
				PRODUCT_BUNDLE_IDENTIFIER = com.RubicoIT.ToDoAppUITests;
				PRODUCT_NAME = "$(TARGET_NAME)";
				SWIFT_VERSION = 5.0;
				TARGETED_DEVICE_FAMILY = "1,2";
				TEST_TARGET_NAME = ToDoApp;
			};
			name = Release;
		};
/* End XCBuildConfiguration section */

/* Begin XCConfigurationList section */
		D62559D1253EA49500ED33B6 /* Build configuration list for PBXProject "ToDoApp" */ = {
			isa = XCConfigurationList;
			buildConfigurations = (
				D6255A01253EA49700ED33B6 /* Debug */,
				D6255A02253EA49700ED33B6 /* Release */,
			);
			defaultConfigurationIsVisible = 0;
			defaultConfigurationName = Release;
		};
		D6255A03253EA49700ED33B6 /* Build configuration list for PBXNativeTarget "ToDoApp" */ = {
			isa = XCConfigurationList;
			buildConfigurations = (
				D6255A04253EA49700ED33B6 /* Debug */,
				D6255A05253EA49700ED33B6 /* Release */,
			);
			defaultConfigurationIsVisible = 0;
			defaultConfigurationName = Release;
		};
		D6255A06253EA49700ED33B6 /* Build configuration list for PBXNativeTarget "ToDoAppTests" */ = {
			isa = XCConfigurationList;
			buildConfigurations = (
				D6255A07253EA49700ED33B6 /* Debug */,
				D6255A08253EA49700ED33B6 /* Release */,
			);
			defaultConfigurationIsVisible = 0;
			defaultConfigurationName = Release;
		};
		D6255A09253EA49700ED33B6 /* Build configuration list for PBXNativeTarget "ToDoAppUITests" */ = {
			isa = XCConfigurationList;
			buildConfigurations = (
				D6255A0A253EA49700ED33B6 /* Debug */,
				D6255A0B253EA49700ED33B6 /* Release */,
			);
			defaultConfigurationIsVisible = 0;
			defaultConfigurationName = Release;
		};
/* End XCConfigurationList section */

/* Begin XCVersionGroup section */
		D62559DF253EA49500ED33B6 /* ToDoApp.xcdatamodeld */ = {
			isa = XCVersionGroup;
			children = (
				D62559E0253EA49500ED33B6 /* ToDoApp.xcdatamodel */,
			);
			currentVersion = D62559E0253EA49500ED33B6 /* ToDoApp.xcdatamodel */;
			path = ToDoApp.xcdatamodeld;
			sourceTree = "<group>";
			versionGroupType = wrapper.xcdatamodel;
		};
/* End XCVersionGroup section */
	};
	rootObject = D62559CE253EA49500ED33B6 /* Project object */;
}
